Microsoft Visual Studio Solution File, Format Version 12.00
# Visual Studio Version 17
VisualStudioVersion = 17.5.2.0
MinimumVisualStudioVersion = 10.0.40219.1
Project("{2150E333-8FDC-42A3-9474-1A3956D46DE8}") = "csharp_exam", "csharp_exam", "{1AEBAC84-845B-328A-0087-8245561F1E1F}"
EndProject
Project("{FAE04EC0-301F-11D3-BF4B-00C04F79EFBC}") = "ExamProject", "csharp_exam\ExamProject\ExamProject.csproj", "{337FA586-4160-0F16-4CB9-82BBF33679E5}"
EndProject
Global
	GlobalSection(SolutionConfigurationPlatforms) = preSolution
		Debug|Any CPU = Debug|Any CPU
		Release|Any CPU = Release|Any CPU
	EndGlobalSection
	GlobalSection(ProjectConfigurationPlatforms) = postSolution
		{337FA586-4160-0F16-4CB9-82BBF33679E5}.Debug|Any CPU.ActiveCfg = Debug|Any CPU
		{337FA586-4160-0F16-4CB9-82BBF33679E5}.Debug|Any CPU.Build.0 = Debug|Any CPU
		{337FA586-4160-0F16-4CB9-82BBF33679E5}.Release|Any CPU.ActiveCfg = Release|Any CPU
		{337FA586-4160-0F16-4CB9-82BBF33679E5}.Release|Any CPU.Build.0 = Release|Any CPU
	EndGlobalSection
	GlobalSection(SolutionProperties) = preSolution
		HideSolutionNode = FALSE
	EndGlobalSection
	GlobalSection(NestedProjects) = preSolution
		{337FA586-4160-0F16-4CB9-82BBF33679E5} = {1AEBAC84-845B-328A-0087-8245561F1E1F}
	EndGlobalSection
	GlobalSection(ExtensibilityGlobals) = postSolution
		SolutionGuid = {BDA3983E-72F3-4582-A717-55BADC03E3F3}
	EndGlobalSection
EndGlobal
